// !$*UTF8*$!
{
	archiveVersion = 1;
	classes = {
	};
	objectVersion = 52;
	objects = {

/* Begin PBXBuildFile section */
		536C2272268D2EA700A66D3D /* FDataLoadingVC.swift in Sources */ = {isa = PBXBuildFile; fileRef = 536C2271268D2EA700A66D3D /* FDataLoadingVC.swift */; };
		536C227B2693C7B500A66D3D /* FollowingUserInfoVC.swift in Sources */ = {isa = PBXBuildFile; fileRef = 536C227A2693C7B500A66D3D /* FollowingUserInfoVC.swift */; };
		536C227D2693C88300A66D3D /* UserHeaderViewContollerFollowing.swift in Sources */ = {isa = PBXBuildFile; fileRef = 536C227C2693C88300A66D3D /* UserHeaderViewContollerFollowing.swift */; };
		536C22812695123100A66D3D /* SearchedUserInfoVC.swift in Sources */ = {isa = PBXBuildFile; fileRef = 536C22802695123100A66D3D /* SearchedUserInfoVC.swift */; };
		536C2283269521C500A66D3D /* UserHeaderViewControllerUser.swift in Sources */ = {isa = PBXBuildFile; fileRef = 536C2282269521C500A66D3D /* UserHeaderViewControllerUser.swift */; };
		5393D5872669921100EBB543 /* FollowerVC.swift in Sources */ = {isa = PBXBuildFile; fileRef = 5393D5862669921100EBB543 /* FollowerVC.swift */; };
		5393D5892669921C00EBB543 /* FollowingVC.swift in Sources */ = {isa = PBXBuildFile; fileRef = 5393D5882669921C00EBB543 /* FollowingVC.swift */; };
		5393D58B2669931200EBB543 /* FollowingAndFollowerTabBarController.swift in Sources */ = {isa = PBXBuildFile; fileRef = 5393D58A2669931200EBB543 /* FollowingAndFollowerTabBarController.swift */; };
		5393D58E266FF0D500EBB543 /* FTitleLabel.swift in Sources */ = {isa = PBXBuildFile; fileRef = 5393D58D266FF0D500EBB543 /* FTitleLabel.swift */; };
		5393D590266FF0F700EBB543 /* FBodyLabel.swift in Sources */ = {isa = PBXBuildFile; fileRef = 5393D58F266FF0F700EBB543 /* FBodyLabel.swift */; };
		5393D592266FF61B00EBB543 /* FAlertContainerView.swift in Sources */ = {isa = PBXBuildFile; fileRef = 5393D591266FF61B00EBB543 /* FAlertContainerView.swift */; };
		5393D594266FF65400EBB543 /* FAlertVC.swift in Sources */ = {isa = PBXBuildFile; fileRef = 5393D593266FF65400EBB543 /* FAlertVC.swift */; };
		5393D5962670119800EBB543 /* UIViewContoler+EXT.swift in Sources */ = {isa = PBXBuildFile; fileRef = 5393D5952670119800EBB543 /* UIViewContoler+EXT.swift */; };
		5393D598267147E700EBB543 /* NetworkManager.swift in Sources */ = {isa = PBXBuildFile; fileRef = 5393D597267147E600EBB543 /* NetworkManager.swift */; };
		5393D59A2672733400EBB543 /* IDModel.swift in Sources */ = {isa = PBXBuildFile; fileRef = 5393D5992672733400EBB543 /* IDModel.swift */; };
		5393D59F2672AAD400EBB543 /* FollowerAndFollowingCell.swift in Sources */ = {isa = PBXBuildFile; fileRef = 5393D59E2672AAD300EBB543 /* FollowerAndFollowingCell.swift */; };
		5393D5A12672AD1B00EBB543 /* FAvatarImageView.swift in Sources */ = {isa = PBXBuildFile; fileRef = 5393D5A02672AD1B00EBB543 /* FAvatarImageView.swift */; };
		5394E41F26C197AD00A88B17 /* FlockTests.swift in Sources */ = {isa = PBXBuildFile; fileRef = 5394E41E26C197AD00A88B17 /* FlockTests.swift */; };
		5394E42726C199F800A88B17 /* UtilityTest.swift in Sources */ = {isa = PBXBuildFile; fileRef = 5394E42626C199F800A88B17 /* UtilityTest.swift */; };
		5394E42A26C19ED900A88B17 /* MainScreenVCTests.swift in Sources */ = {isa = PBXBuildFile; fileRef = 5394E42926C19ED900A88B17 /* MainScreenVCTests.swift */; };
		539C029526792C020028A381 /* FError.swift in Sources */ = {isa = PBXBuildFile; fileRef = 539C029426792C020028A381 /* FError.swift */; };
		539C0297267A69040028A381 /* FSecondaryTitleLabel.swift in Sources */ = {isa = PBXBuildFile; fileRef = 539C0296267A69040028A381 /* FSecondaryTitleLabel.swift */; };
		539C02A62683B52B0028A381 /* FollowersUserInfoVC.swift in Sources */ = {isa = PBXBuildFile; fileRef = 539C02A52683B52B0028A381 /* FollowersUserInfoVC.swift */; };
		539C02A926852B1E0028A381 /* UserInfoHeaderVC.swift in Sources */ = {isa = PBXBuildFile; fileRef = 539C02A826852B1E0028A381 /* UserInfoHeaderVC.swift */; };
		539C02AD268A59590028A381 /* TweetCell.swift in Sources */ = {isa = PBXBuildFile; fileRef = 539C02AC268A59590028A381 /* TweetCell.swift */; };
		53A46B402668046700B71CA9 /* AppDelegate.swift in Sources */ = {isa = PBXBuildFile; fileRef = 53A46B3F2668046700B71CA9 /* AppDelegate.swift */; };
		53A46B422668046700B71CA9 /* SceneDelegate.swift in Sources */ = {isa = PBXBuildFile; fileRef = 53A46B412668046700B71CA9 /* SceneDelegate.swift */; };
		53A46B492668046F00B71CA9 /* Assets.xcassets in Resources */ = {isa = PBXBuildFile; fileRef = 53A46B482668046F00B71CA9 /* Assets.xcassets */; };
		53A46B4C2668046F00B71CA9 /* LaunchScreen.storyboard in Resources */ = {isa = PBXBuildFile; fileRef = 53A46B4A2668046F00B71CA9 /* LaunchScreen.storyboard */; };
		53A46B5626682E1700B71CA9 /* FTextField.swift in Sources */ = {isa = PBXBuildFile; fileRef = 53A46B5526682E1700B71CA9 /* FTextField.swift */; };
		53A46B5826682FD000B71CA9 /* MainSearchScreenVC.swift in Sources */ = {isa = PBXBuildFile; fileRef = 53A46B5726682FD000B71CA9 /* MainSearchScreenVC.swift */; };
		53A46B5B2668316600B71CA9 /* FButton.swift in Sources */ = {isa = PBXBuildFile; fileRef = 53A46B5A2668316600B71CA9 /* FButton.swift */; };
		53A46B6126683B7200B71CA9 /* Constants.swift in Sources */ = {isa = PBXBuildFile; fileRef = 53A46B6026683B7200B71CA9 /* Constants.swift */; };
		53B418B12697B77F00463B74 /* UIView+EXT.swift in Sources */ = {isa = PBXBuildFile; fileRef = 53B418B02697B77F00463B74 /* UIView+EXT.swift */; };
		53B418B3269CCC5900463B74 /* FTextView.swift in Sources */ = {isa = PBXBuildFile; fileRef = 53B418B2269CCC5900463B74 /* FTextView.swift */; };
		53B418B5269CDC6600463B74 /* UIImage + Ext.swift in Sources */ = {isa = PBXBuildFile; fileRef = 53B418B4269CDC6600463B74 /* UIImage + Ext.swift */; };
		53E5297126C5D4D100B3B103 /* SnapshotTesting in Frameworks */ = {isa = PBXBuildFile; productRef = 53E5297026C5D4D100B3B103 /* SnapshotTesting */; };
		53E5297426D4594800B3B103 /* FollowingAndFollowerVC.swift in Sources */ = {isa = PBXBuildFile; fileRef = 53E5297326D4594800B3B103 /* FollowingAndFollowerVC.swift */; };
		53E5298C26D7024100B3B103 /* UserInfoVC.swift in Sources */ = {isa = PBXBuildFile; fileRef = 53E5298B26D7024100B3B103 /* UserInfoVC.swift */; };
/* End PBXBuildFile section */

/* Begin PBXContainerItemProxy section */
		5394E42126C197AD00A88B17 /* PBXContainerItemProxy */ = {
			isa = PBXContainerItemProxy;
			containerPortal = 53A46B342668046700B71CA9 /* Project object */;
			proxyType = 1;
			remoteGlobalIDString = 53A46B3B2668046700B71CA9;
			remoteInfo = Flock;
		};
/* End PBXContainerItemProxy section */

/* Begin PBXFileReference section */
		536C2271268D2EA700A66D3D /* FDataLoadingVC.swift */ = {isa = PBXFileReference; lastKnownFileType = sourcecode.swift; path = FDataLoadingVC.swift; sourceTree = "<group>"; };
		536C227A2693C7B500A66D3D /* FollowingUserInfoVC.swift */ = {isa = PBXFileReference; lastKnownFileType = sourcecode.swift; path = FollowingUserInfoVC.swift; sourceTree = "<group>"; };
		536C227C2693C88300A66D3D /* UserHeaderViewContollerFollowing.swift */ = {isa = PBXFileReference; lastKnownFileType = sourcecode.swift; path = UserHeaderViewContollerFollowing.swift; sourceTree = "<group>"; };
		536C22802695123100A66D3D /* SearchedUserInfoVC.swift */ = {isa = PBXFileReference; lastKnownFileType = sourcecode.swift; path = SearchedUserInfoVC.swift; sourceTree = "<group>"; };
		536C2282269521C500A66D3D /* UserHeaderViewControllerUser.swift */ = {isa = PBXFileReference; lastKnownFileType = sourcecode.swift; path = UserHeaderViewControllerUser.swift; sourceTree = "<group>"; };
		5393D5862669921100EBB543 /* FollowerVC.swift */ = {isa = PBXFileReference; lastKnownFileType = sourcecode.swift; path = FollowerVC.swift; sourceTree = "<group>"; };
		5393D5882669921C00EBB543 /* FollowingVC.swift */ = {isa = PBXFileReference; lastKnownFileType = sourcecode.swift; path = FollowingVC.swift; sourceTree = "<group>"; };
		5393D58A2669931200EBB543 /* FollowingAndFollowerTabBarController.swift */ = {isa = PBXFileReference; lastKnownFileType = sourcecode.swift; path = FollowingAndFollowerTabBarController.swift; sourceTree = "<group>"; };
		5393D58D266FF0D500EBB543 /* FTitleLabel.swift */ = {isa = PBXFileReference; lastKnownFileType = sourcecode.swift; path = FTitleLabel.swift; sourceTree = "<group>"; };
		5393D58F266FF0F700EBB543 /* FBodyLabel.swift */ = {isa = PBXFileReference; lastKnownFileType = sourcecode.swift; path = FBodyLabel.swift; sourceTree = "<group>"; };
		5393D591266FF61B00EBB543 /* FAlertContainerView.swift */ = {isa = PBXFileReference; lastKnownFileType = sourcecode.swift; path = FAlertContainerView.swift; sourceTree = "<group>"; };
		5393D593266FF65400EBB543 /* FAlertVC.swift */ = {isa = PBXFileReference; lastKnownFileType = sourcecode.swift; path = FAlertVC.swift; sourceTree = "<group>"; };
		5393D5952670119800EBB543 /* UIViewContoler+EXT.swift */ = {isa = PBXFileReference; lastKnownFileType = sourcecode.swift; path = "UIViewContoler+EXT.swift"; sourceTree = "<group>"; };
		5393D597267147E600EBB543 /* NetworkManager.swift */ = {isa = PBXFileReference; lastKnownFileType = sourcecode.swift; path = NetworkManager.swift; sourceTree = "<group>"; };
		5393D5992672733400EBB543 /* IDModel.swift */ = {isa = PBXFileReference; lastKnownFileType = sourcecode.swift; path = IDModel.swift; sourceTree = "<group>"; };
		5393D59E2672AAD300EBB543 /* FollowerAndFollowingCell.swift */ = {isa = PBXFileReference; lastKnownFileType = sourcecode.swift; path = FollowerAndFollowingCell.swift; sourceTree = "<group>"; };
		5393D5A02672AD1B00EBB543 /* FAvatarImageView.swift */ = {isa = PBXFileReference; lastKnownFileType = sourcecode.swift; path = FAvatarImageView.swift; sourceTree = "<group>"; };
		5394E41C26C197AD00A88B17 /* FlockTests.xctest */ = {isa = PBXFileReference; explicitFileType = wrapper.cfbundle; includeInIndex = 0; path = FlockTests.xctest; sourceTree = BUILT_PRODUCTS_DIR; };
		5394E41E26C197AD00A88B17 /* FlockTests.swift */ = {isa = PBXFileReference; lastKnownFileType = sourcecode.swift; path = FlockTests.swift; sourceTree = "<group>"; };
		5394E42026C197AD00A88B17 /* Info.plist */ = {isa = PBXFileReference; lastKnownFileType = text.plist.xml; path = Info.plist; sourceTree = "<group>"; };
		5394E42626C199F800A88B17 /* UtilityTest.swift */ = {isa = PBXFileReference; lastKnownFileType = sourcecode.swift; path = UtilityTest.swift; sourceTree = "<group>"; };
		5394E42926C19ED900A88B17 /* MainScreenVCTests.swift */ = {isa = PBXFileReference; lastKnownFileType = sourcecode.swift; path = MainScreenVCTests.swift; sourceTree = "<group>"; };
		539C029426792C020028A381 /* FError.swift */ = {isa = PBXFileReference; lastKnownFileType = sourcecode.swift; path = FError.swift; sourceTree = "<group>"; };
		539C0296267A69040028A381 /* FSecondaryTitleLabel.swift */ = {isa = PBXFileReference; lastKnownFileType = sourcecode.swift; path = FSecondaryTitleLabel.swift; sourceTree = "<group>"; };
		539C02A52683B52B0028A381 /* FollowersUserInfoVC.swift */ = {isa = PBXFileReference; lastKnownFileType = sourcecode.swift; path = FollowersUserInfoVC.swift; sourceTree = "<group>"; };
		539C02A826852B1E0028A381 /* UserInfoHeaderVC.swift */ = {isa = PBXFileReference; lastKnownFileType = sourcecode.swift; path = UserInfoHeaderVC.swift; sourceTree = "<group>"; };
		539C02AC268A59590028A381 /* TweetCell.swift */ = {isa = PBXFileReference; lastKnownFileType = sourcecode.swift; path = TweetCell.swift; sourceTree = "<group>"; };
		53A46B3C2668046700B71CA9 /* Flock.app */ = {isa = PBXFileReference; explicitFileType = wrapper.application; includeInIndex = 0; path = Flock.app; sourceTree = BUILT_PRODUCTS_DIR; };
		53A46B3F2668046700B71CA9 /* AppDelegate.swift */ = {isa = PBXFileReference; lastKnownFileType = sourcecode.swift; path = AppDelegate.swift; sourceTree = "<group>"; };
		53A46B412668046700B71CA9 /* SceneDelegate.swift */ = {isa = PBXFileReference; lastKnownFileType = sourcecode.swift; path = SceneDelegate.swift; sourceTree = "<group>"; };
		53A46B482668046F00B71CA9 /* Assets.xcassets */ = {isa = PBXFileReference; lastKnownFileType = folder.assetcatalog; path = Assets.xcassets; sourceTree = "<group>"; };
		53A46B4B2668046F00B71CA9 /* Base */ = {isa = PBXFileReference; lastKnownFileType = file.storyboard; name = Base; path = Base.lproj/LaunchScreen.storyboard; sourceTree = "<group>"; };
		53A46B4D2668046F00B71CA9 /* Info.plist */ = {isa = PBXFileReference; lastKnownFileType = text.plist.xml; path = Info.plist; sourceTree = "<group>"; };
		53A46B5526682E1700B71CA9 /* FTextField.swift */ = {isa = PBXFileReference; lastKnownFileType = sourcecode.swift; path = FTextField.swift; sourceTree = "<group>"; };
		53A46B5726682FD000B71CA9 /* MainSearchScreenVC.swift */ = {isa = PBXFileReference; lastKnownFileType = sourcecode.swift; path = MainSearchScreenVC.swift; sourceTree = "<group>"; };
		53A46B5A2668316600B71CA9 /* FButton.swift */ = {isa = PBXFileReference; lastKnownFileType = sourcecode.swift; path = FButton.swift; sourceTree = "<group>"; };
		53A46B6026683B7200B71CA9 /* Constants.swift */ = {isa = PBXFileReference; lastKnownFileType = sourcecode.swift; path = Constants.swift; sourceTree = "<group>"; };
		53B418B02697B77F00463B74 /* UIView+EXT.swift */ = {isa = PBXFileReference; lastKnownFileType = sourcecode.swift; path = "UIView+EXT.swift"; sourceTree = "<group>"; };
		53B418B2269CCC5900463B74 /* FTextView.swift */ = {isa = PBXFileReference; lastKnownFileType = sourcecode.swift; path = FTextView.swift; sourceTree = "<group>"; };
		53B418B4269CDC6600463B74 /* UIImage + Ext.swift */ = {isa = PBXFileReference; lastKnownFileType = sourcecode.swift; path = "UIImage + Ext.swift"; sourceTree = "<group>"; };
		53E5297326D4594800B3B103 /* FollowingAndFollowerVC.swift */ = {isa = PBXFileReference; lastKnownFileType = sourcecode.swift; path = FollowingAndFollowerVC.swift; sourceTree = "<group>"; };
		53E5298B26D7024100B3B103 /* UserInfoVC.swift */ = {isa = PBXFileReference; lastKnownFileType = sourcecode.swift; path = UserInfoVC.swift; sourceTree = "<group>"; };
/* End PBXFileReference section */

/* Begin PBXFrameworksBuildPhase section */
		5394E41926C197AC00A88B17 /* Frameworks */ = {
			isa = PBXFrameworksBuildPhase;
			buildActionMask = 2147483647;
			files = (
				53E5297126C5D4D100B3B103 /* SnapshotTesting in Frameworks */,
			);
			runOnlyForDeploymentPostprocessing = 0;
		};
		53A46B392668046700B71CA9 /* Frameworks */ = {
			isa = PBXFrameworksBuildPhase;
			buildActionMask = 2147483647;
			files = (
			);
			runOnlyForDeploymentPostprocessing = 0;
		};
/* End PBXFrameworksBuildPhase section */

/* Begin PBXGroup section */
		536C22792693C4E400A66D3D /* Extenstions */ = {
			isa = PBXGroup;
			children = (
				5393D5952670119800EBB543 /* UIViewContoler+EXT.swift */,
				53B418B02697B77F00463B74 /* UIView+EXT.swift */,
				53B418B4269CDC6600463B74 /* UIImage + Ext.swift */,
			);
			path = Extenstions;
			sourceTree = "<group>";
		};
		5393D59B2672738600EBB543 /* Managers */ = {
			isa = PBXGroup;
			children = (
				5393D597267147E600EBB543 /* NetworkManager.swift */,
			);
			path = Managers;
			sourceTree = "<group>";
		};
		5394E41D26C197AD00A88B17 /* FlockTests */ = {
			isa = PBXGroup;
			children = (
				5394E42826C19EC000A88B17 /* Screens */,
				5394E41E26C197AD00A88B17 /* FlockTests.swift */,
				5394E42626C199F800A88B17 /* UtilityTest.swift */,
				5394E42026C197AD00A88B17 /* Info.plist */,
			);
			path = FlockTests;
			sourceTree = "<group>";
		};
		5394E42826C19EC000A88B17 /* Screens */ = {
			isa = PBXGroup;
			children = (
				5394E42926C19ED900A88B17 /* MainScreenVCTests.swift */,
			);
			path = Screens;
			sourceTree = "<group>";
		};
		539C029A267A6AFB0028A381 /* Labels */ = {
			isa = PBXGroup;
			children = (
				5393D58D266FF0D500EBB543 /* FTitleLabel.swift */,
				5393D58F266FF0F700EBB543 /* FBodyLabel.swift */,
				539C0296267A69040028A381 /* FSecondaryTitleLabel.swift */,
			);
			path = Labels;
			sourceTree = "<group>";
		};
		539C02A12682A7830028A381 /* Cells */ = {
			isa = PBXGroup;
			children = (
				5393D59E2672AAD300EBB543 /* FollowerAndFollowingCell.swift */,
				539C02AC268A59590028A381 /* TweetCell.swift */,
			);
			path = Cells;
			sourceTree = "<group>";
		};
		539C02A22682A7950028A381 /* Image Views */ = {
			isa = PBXGroup;
			children = (
				5393D5A02672AD1B00EBB543 /* FAvatarImageView.swift */,
			);
			path = "Image Views";
			sourceTree = "<group>";
		};
		539C02A32682A7AD0028A381 /* Buttons */ = {
			isa = PBXGroup;
			children = (
				53A46B5A2668316600B71CA9 /* FButton.swift */,
			);
			path = Buttons;
			sourceTree = "<group>";
		};
		539C02AE268CDAEB0028A381 /* Views */ = {
			isa = PBXGroup;
			children = (
				5393D591266FF61B00EBB543 /* FAlertContainerView.swift */,
			);
			path = Views;
			sourceTree = "<group>";
		};
		539C02AF268CDB250028A381 /* ViewContollers */ = {
			isa = PBXGroup;
			children = (
				5393D593266FF65400EBB543 /* FAlertVC.swift */,
				536C2271268D2EA700A66D3D /* FDataLoadingVC.swift */,
				539C02A826852B1E0028A381 /* UserInfoHeaderVC.swift */,
			);
			path = ViewContollers;
			sourceTree = "<group>";
		};
		53A46B332668046700B71CA9 = {
			isa = PBXGroup;
			children = (
				53A46B3E2668046700B71CA9 /* Flock */,
				53E5298D26D7205300B3B103 /* optimized so files I dont need anymore */,
				5394E41D26C197AD00A88B17 /* FlockTests */,
				53A46B3D2668046700B71CA9 /* Products */,
			);
			sourceTree = "<group>";
		};
		53A46B3D2668046700B71CA9 /* Products */ = {
			isa = PBXGroup;
			children = (
				53A46B3C2668046700B71CA9 /* Flock.app */,
				5394E41C26C197AD00A88B17 /* FlockTests.xctest */,
			);
			name = Products;
			sourceTree = "<group>";
		};
		53A46B3E2668046700B71CA9 /* Flock */ = {
			isa = PBXGroup;
			children = (
				53A46B5C266838E600B71CA9 /* Screens */,
				53A46B5D266838F800B71CA9 /* Custom Views */,
				5393D59B2672738600EBB543 /* Managers */,
				53A46B5F26683B6200B71CA9 /* Utility */,
				53A46B5E2668391A00B71CA9 /* Support */,
				536C22792693C4E400A66D3D /* Extenstions */,
				53A46B4D2668046F00B71CA9 /* Info.plist */,
			);
			path = Flock;
			sourceTree = "<group>";
		};
		53A46B5C266838E600B71CA9 /* Screens */ = {
			isa = PBXGroup;
			children = (
				53A46B5726682FD000B71CA9 /* MainSearchScreenVC.swift */,
				5393D58A2669931200EBB543 /* FollowingAndFollowerTabBarController.swift */,
				53E5298E26D7210700B3B103 /* TabBarScreens */,
			);
			path = Screens;
			sourceTree = "<group>";
		};
		53A46B5D266838F800B71CA9 /* Custom Views */ = {
			isa = PBXGroup;
			children = (
				53B418B626A9E01100463B74 /* Text */,
				539C02AF268CDB250028A381 /* ViewContollers */,
				539C02AE268CDAEB0028A381 /* Views */,
				539C02A32682A7AD0028A381 /* Buttons */,
				539C02A22682A7950028A381 /* Image Views */,
				539C02A12682A7830028A381 /* Cells */,
				539C029A267A6AFB0028A381 /* Labels */,
			);
			path = "Custom Views";
			sourceTree = "<group>";
		};
		53A46B5E2668391A00B71CA9 /* Support */ = {
			isa = PBXGroup;
			children = (
				53A46B3F2668046700B71CA9 /* AppDelegate.swift */,
				53A46B412668046700B71CA9 /* SceneDelegate.swift */,
				53A46B4A2668046F00B71CA9 /* LaunchScreen.storyboard */,
				53A46B482668046F00B71CA9 /* Assets.xcassets */,
			);
			path = Support;
			sourceTree = "<group>";
		};
		53A46B5F26683B6200B71CA9 /* Utility */ = {
			isa = PBXGroup;
			children = (
				53A46B6026683B7200B71CA9 /* Constants.swift */,
				539C029426792C020028A381 /* FError.swift */,
				5393D5992672733400EBB543 /* IDModel.swift */,
			);
			path = Utility;
			sourceTree = "<group>";
		};
		53B418B626A9E01100463B74 /* Text */ = {
			isa = PBXGroup;
			children = (
				53A46B5526682E1700B71CA9 /* FTextField.swift */,
				53B418B2269CCC5900463B74 /* FTextView.swift */,
			);
			path = Text;
			sourceTree = "<group>";
		};
		53E5298D26D7205300B3B103 /* optimized so files I dont need anymore */ = {
			isa = PBXGroup;
			children = (
				53E5297326D4594800B3B103 /* FollowingAndFollowerVC.swift */,
				536C227C2693C88300A66D3D /* UserHeaderViewContollerFollowing.swift */,
				539C02A52683B52B0028A381 /* FollowersUserInfoVC.swift */,
				536C227A2693C7B500A66D3D /* FollowingUserInfoVC.swift */,
				536C22802695123100A66D3D /* SearchedUserInfoVC.swift */,
				536C2282269521C500A66D3D /* UserHeaderViewControllerUser.swift */,
			);
			path = "optimized so files I dont need anymore";
			sourceTree = "<group>";
		};
		53E5298E26D7210700B3B103 /* TabBarScreens */ = {
			isa = PBXGroup;
			children = (
				5393D5862669921100EBB543 /* FollowerVC.swift */,
				5393D5882669921C00EBB543 /* FollowingVC.swift */,
				53E5298B26D7024100B3B103 /* UserInfoVC.swift */,
			);
			path = TabBarScreens;
			sourceTree = "<group>";
		};
/* End PBXGroup section */

/* Begin PBXNativeTarget section */
		5394E41B26C197AC00A88B17 /* FlockTests */ = {
			isa = PBXNativeTarget;
			buildConfigurationList = 5394E42526C197AD00A88B17 /* Build configuration list for PBXNativeTarget "FlockTests" */;
			buildPhases = (
				5394E41826C197AC00A88B17 /* Sources */,
				5394E41926C197AC00A88B17 /* Frameworks */,
				5394E41A26C197AC00A88B17 /* Resources */,
			);
			buildRules = (
			);
			dependencies = (
				5394E42226C197AD00A88B17 /* PBXTargetDependency */,
			);
			name = FlockTests;
			packageProductDependencies = (
				53E5297026C5D4D100B3B103 /* SnapshotTesting */,
			);
			productName = FlockTests;
			productReference = 5394E41C26C197AD00A88B17 /* FlockTests.xctest */;
			productType = "com.apple.product-type.bundle.unit-test";
		};
		53A46B3B2668046700B71CA9 /* Flock */ = {
			isa = PBXNativeTarget;
			buildConfigurationList = 53A46B502668046F00B71CA9 /* Build configuration list for PBXNativeTarget "Flock" */;
			buildPhases = (
				53A46B382668046700B71CA9 /* Sources */,
				53A46B392668046700B71CA9 /* Frameworks */,
				53A46B3A2668046700B71CA9 /* Resources */,
			);
			buildRules = (
			);
			dependencies = (
			);
			name = Flock;
			packageProductDependencies = (
			);
			productName = Flock;
			productReference = 53A46B3C2668046700B71CA9 /* Flock.app */;
			productType = "com.apple.product-type.application";
		};
/* End PBXNativeTarget section */

/* Begin PBXProject section */
		53A46B342668046700B71CA9 /* Project object */ = {
			isa = PBXProject;
			attributes = {
				LastSwiftUpdateCheck = 1250;
				LastUpgradeCheck = 1250;
				TargetAttributes = {
					5394E41B26C197AC00A88B17 = {
						CreatedOnToolsVersion = 12.5.1;
						TestTargetID = 53A46B3B2668046700B71CA9;
					};
					53A46B3B2668046700B71CA9 = {
						CreatedOnToolsVersion = 12.5;
					};
				};
			};
			buildConfigurationList = 53A46B372668046700B71CA9 /* Build configuration list for PBXProject "Flock" */;
			compatibilityVersion = "Xcode 9.3";
			developmentRegion = en;
			hasScannedForEncodings = 0;
			knownRegions = (
				en,
				Base,
			);
			mainGroup = 53A46B332668046700B71CA9;
			packageReferences = (
				53E5296F26C5D4D100B3B103 /* XCRemoteSwiftPackageReference "swift-snapshot-testing" */,
			);
			productRefGroup = 53A46B3D2668046700B71CA9 /* Products */;
			projectDirPath = "";
			projectRoot = "";
			targets = (
				53A46B3B2668046700B71CA9 /* Flock */,
				5394E41B26C197AC00A88B17 /* FlockTests */,
			);
		};
/* End PBXProject section */

/* Begin PBXResourcesBuildPhase section */
		5394E41A26C197AC00A88B17 /* Resources */ = {
			isa = PBXResourcesBuildPhase;
			buildActionMask = 2147483647;
			files = (
			);
			runOnlyForDeploymentPostprocessing = 0;
		};
		53A46B3A2668046700B71CA9 /* Resources */ = {
			isa = PBXResourcesBuildPhase;
			buildActionMask = 2147483647;
			files = (
				53A46B4C2668046F00B71CA9 /* LaunchScreen.storyboard in Resources */,
				53A46B492668046F00B71CA9 /* Assets.xcassets in Resources */,
			);
			runOnlyForDeploymentPostprocessing = 0;
		};
/* End PBXResourcesBuildPhase section */

/* Begin PBXSourcesBuildPhase section */
		5394E41826C197AC00A88B17 /* Sources */ = {
			isa = PBXSourcesBuildPhase;
			buildActionMask = 2147483647;
			files = (
				5394E42726C199F800A88B17 /* UtilityTest.swift in Sources */,
				5394E41F26C197AD00A88B17 /* FlockTests.swift in Sources */,
				5394E42A26C19ED900A88B17 /* MainScreenVCTests.swift in Sources */,
			);
			runOnlyForDeploymentPostprocessing = 0;
		};
		53A46B382668046700B71CA9 /* Sources */ = {
			isa = PBXSourcesBuildPhase;
			buildActionMask = 2147483647;
			files = (
				53B418B12697B77F00463B74 /* UIView+EXT.swift in Sources */,
				5393D5892669921C00EBB543 /* FollowingVC.swift in Sources */,
				53A46B5826682FD000B71CA9 /* MainSearchScreenVC.swift in Sources */,
				53A46B402668046700B71CA9 /* AppDelegate.swift in Sources */,
				53A46B5626682E1700B71CA9 /* FTextField.swift in Sources */,
				5393D592266FF61B00EBB543 /* FAlertContainerView.swift in Sources */,
				5393D58E266FF0D500EBB543 /* FTitleLabel.swift in Sources */,
				5393D590266FF0F700EBB543 /* FBodyLabel.swift in Sources */,
				53A46B5B2668316600B71CA9 /* FButton.swift in Sources */,
				536C227B2693C7B500A66D3D /* FollowingUserInfoVC.swift in Sources */,
				5393D59A2672733400EBB543 /* IDModel.swift in Sources */,
				53A46B422668046700B71CA9 /* SceneDelegate.swift in Sources */,
				536C22812695123100A66D3D /* SearchedUserInfoVC.swift in Sources */,
				53B418B5269CDC6600463B74 /* UIImage + Ext.swift in Sources */,
				536C2283269521C500A66D3D /* UserHeaderViewControllerUser.swift in Sources */,
				5393D5962670119800EBB543 /* UIViewContoler+EXT.swift in Sources */,
				536C227D2693C88300A66D3D /* UserHeaderViewContollerFollowing.swift in Sources */,
				539C02A926852B1E0028A381 /* UserInfoHeaderVC.swift in Sources */,
				53B418B3269CCC5900463B74 /* FTextView.swift in Sources */,
				5393D594266FF65400EBB543 /* FAlertVC.swift in Sources */,
				5393D5872669921100EBB543 /* FollowerVC.swift in Sources */,
				5393D598267147E700EBB543 /* NetworkManager.swift in Sources */,
				5393D59F2672AAD400EBB543 /* FollowerAndFollowingCell.swift in Sources */,
				539C029526792C020028A381 /* FError.swift in Sources */,
				5393D5A12672AD1B00EBB543 /* FAvatarImageView.swift in Sources */,
				539C0297267A69040028A381 /* FSecondaryTitleLabel.swift in Sources */,
				536C2272268D2EA700A66D3D /* FDataLoadingVC.swift in Sources */,
				5393D58B2669931200EBB543 /* FollowingAndFollowerTabBarController.swift in Sources */,
				539C02AD268A59590028A381 /* TweetCell.swift in Sources */,
				53A46B6126683B7200B71CA9 /* Constants.swift in Sources */,
				53E5297426D4594800B3B103 /* FollowingAndFollowerVC.swift in Sources */,
				539C02A62683B52B0028A381 /* FollowersUserInfoVC.swift in Sources */,
				53E5298C26D7024100B3B103 /* UserInfoVC.swift in Sources */,
			);
			runOnlyForDeploymentPostprocessing = 0;
		};
/* End PBXSourcesBuildPhase section */

/* Begin PBXTargetDependency section */
		5394E42226C197AD00A88B17 /* PBXTargetDependency */ = {
			isa = PBXTargetDependency;
			target = 53A46B3B2668046700B71CA9 /* Flock */;
			targetProxy = 5394E42126C197AD00A88B17 /* PBXContainerItemProxy */;
		};
/* End PBXTargetDependency section */

/* Begin PBXVariantGroup section */
		53A46B4A2668046F00B71CA9 /* LaunchScreen.storyboard */ = {
			isa = PBXVariantGroup;
			children = (
				53A46B4B2668046F00B71CA9 /* Base */,
			);
			name = LaunchScreen.storyboard;
			sourceTree = "<group>";
		};
/* End PBXVariantGroup section */

/* Begin XCBuildConfiguration section */
		5394E42326C197AD00A88B17 /* Debug */ = {
			isa = XCBuildConfiguration;
			buildSettings = {
				BUNDLE_LOADER = "$(TEST_HOST)";
				CODE_SIGN_STYLE = Automatic;
				DEVELOPMENT_TEAM = V486462L2J;
				INFOPLIST_FILE = FlockTests/Info.plist;
				LD_RUNPATH_SEARCH_PATHS = (
					"$(inherited)",
					"@executable_path/Frameworks",
					"@loader_path/Frameworks",
				);
				PRODUCT_BUNDLE_IDENTIFIER = com.wookrhyu.FlockTests;
				PRODUCT_NAME = "$(TARGET_NAME)";
				SWIFT_VERSION = 5.0;
				TARGETED_DEVICE_FAMILY = "1,2";
				TEST_HOST = "$(BUILT_PRODUCTS_DIR)/Flock.app/Flock";
			};
			name = Debug;
		};
		5394E42426C197AD00A88B17 /* Release */ = {
			isa = XCBuildConfiguration;
			buildSettings = {
				BUNDLE_LOADER = "$(TEST_HOST)";
				CODE_SIGN_STYLE = Automatic;
				DEVELOPMENT_TEAM = V486462L2J;
				INFOPLIST_FILE = FlockTests/Info.plist;
				LD_RUNPATH_SEARCH_PATHS = (
					"$(inherited)",
					"@executable_path/Frameworks",
					"@loader_path/Frameworks",
				);
				PRODUCT_BUNDLE_IDENTIFIER = com.wookrhyu.FlockTests;
				PRODUCT_NAME = "$(TARGET_NAME)";
				SWIFT_VERSION = 5.0;
				TARGETED_DEVICE_FAMILY = "1,2";
				TEST_HOST = "$(BUILT_PRODUCTS_DIR)/Flock.app/Flock";
			};
			name = Release;
		};
		53A46B4E2668046F00B71CA9 /* Debug */ = {
			isa = XCBuildConfiguration;
			buildSettings = {
				ALWAYS_SEARCH_USER_PATHS = NO;
				CLANG_ANALYZER_NONNULL = YES;
				CLANG_ANALYZER_NUMBER_OBJECT_CONVERSION = YES_AGGRESSIVE;
				CLANG_CXX_LANGUAGE_STANDARD = "gnu++14";
				CLANG_CXX_LIBRARY = "libc++";
				CLANG_ENABLE_MODULES = YES;
				CLANG_ENABLE_OBJC_ARC = YES;
				CLANG_ENABLE_OBJC_WEAK = YES;
				CLANG_WARN_BLOCK_CAPTURE_AUTORELEASING = YES;
				CLANG_WARN_BOOL_CONVERSION = YES;
				CLANG_WARN_COMMA = YES;
				CLANG_WARN_CONSTANT_CONVERSION = YES;
				CLANG_WARN_DEPRECATED_OBJC_IMPLEMENTATIONS = YES;
				CLANG_WARN_DIRECT_OBJC_ISA_USAGE = YES_ERROR;
				CLANG_WARN_DOCUMENTATION_COMMENTS = YES;
				CLANG_WARN_EMPTY_BODY = YES;
				CLANG_WARN_ENUM_CONVERSION = YES;
				CLANG_WARN_INFINITE_RECURSION = YES;
				CLANG_WARN_INT_CONVERSION = YES;
				CLANG_WARN_NON_LITERAL_NULL_CONVERSION = YES;
				CLANG_WARN_OBJC_IMPLICIT_RETAIN_SELF = YES;
				CLANG_WARN_OBJC_LITERAL_CONVERSION = YES;
				CLANG_WARN_OBJC_ROOT_CLASS = YES_ERROR;
				CLANG_WARN_QUOTED_INCLUDE_IN_FRAMEWORK_HEADER = YES;
				CLANG_WARN_RANGE_LOOP_ANALYSIS = YES;
				CLANG_WARN_STRICT_PROTOTYPES = YES;
				CLANG_WARN_SUSPICIOUS_MOVE = YES;
				CLANG_WARN_UNGUARDED_AVAILABILITY = YES_AGGRESSIVE;
				CLANG_WARN_UNREACHABLE_CODE = YES;
				CLANG_WARN__DUPLICATE_METHOD_MATCH = YES;
				COPY_PHASE_STRIP = NO;
				DEBUG_INFORMATION_FORMAT = dwarf;
				ENABLE_STRICT_OBJC_MSGSEND = YES;
				ENABLE_TESTABILITY = YES;
				GCC_C_LANGUAGE_STANDARD = gnu11;
				GCC_DYNAMIC_NO_PIC = NO;
				GCC_NO_COMMON_BLOCKS = YES;
				GCC_OPTIMIZATION_LEVEL = 0;
				GCC_PREPROCESSOR_DEFINITIONS = (
					"DEBUG=1",
					"$(inherited)",
				);
				GCC_WARN_64_TO_32_BIT_CONVERSION = YES;
				GCC_WARN_ABOUT_RETURN_TYPE = YES_ERROR;
				GCC_WARN_UNDECLARED_SELECTOR = YES;
				GCC_WARN_UNINITIALIZED_AUTOS = YES_AGGRESSIVE;
				GCC_WARN_UNUSED_FUNCTION = YES;
				GCC_WARN_UNUSED_VARIABLE = YES;
				IPHONEOS_DEPLOYMENT_TARGET = 14.5;
				MTL_ENABLE_DEBUG_INFO = INCLUDE_SOURCE;
				MTL_FAST_MATH = YES;
				ONLY_ACTIVE_ARCH = YES;
				SDKROOT = iphoneos;
				SWIFT_ACTIVE_COMPILATION_CONDITIONS = DEBUG;
				SWIFT_OPTIMIZATION_LEVEL = "-Onone";
			};
			name = Debug;
		};
		53A46B4F2668046F00B71CA9 /* Release */ = {
			isa = XCBuildConfiguration;
			buildSettings = {
				ALWAYS_SEARCH_USER_PATHS = NO;
				CLANG_ANALYZER_NONNULL = YES;
				CLANG_ANALYZER_NUMBER_OBJECT_CONVERSION = YES_AGGRESSIVE;
				CLANG_CXX_LANGUAGE_STANDARD = "gnu++14";
				CLANG_CXX_LIBRARY = "libc++";
				CLANG_ENABLE_MODULES = YES;
				CLANG_ENABLE_OBJC_ARC = YES;
				CLANG_ENABLE_OBJC_WEAK = YES;
				CLANG_WARN_BLOCK_CAPTURE_AUTORELEASING = YES;
				CLANG_WARN_BOOL_CONVERSION = YES;
				CLANG_WARN_COMMA = YES;
				CLANG_WARN_CONSTANT_CONVERSION = YES;
				CLANG_WARN_DEPRECATED_OBJC_IMPLEMENTATIONS = YES;
				CLANG_WARN_DIRECT_OBJC_ISA_USAGE = YES_ERROR;
				CLANG_WARN_DOCUMENTATION_COMMENTS = YES;
				CLANG_WARN_EMPTY_BODY = YES;
				CLANG_WARN_ENUM_CONVERSION = YES;
				CLANG_WARN_INFINITE_RECURSION = YES;
				CLANG_WARN_INT_CONVERSION = YES;
				CLANG_WARN_NON_LITERAL_NULL_CONVERSION = YES;
				CLANG_WARN_OBJC_IMPLICIT_RETAIN_SELF = YES;
				CLANG_WARN_OBJC_LITERAL_CONVERSION = YES;
				CLANG_WARN_OBJC_ROOT_CLASS = YES_ERROR;
				CLANG_WARN_QUOTED_INCLUDE_IN_FRAMEWORK_HEADER = YES;
				CLANG_WARN_RANGE_LOOP_ANALYSIS = YES;
				CLANG_WARN_STRICT_PROTOTYPES = YES;
				CLANG_WARN_SUSPICIOUS_MOVE = YES;
				CLANG_WARN_UNGUARDED_AVAILABILITY = YES_AGGRESSIVE;
				CLANG_WARN_UNREACHABLE_CODE = YES;
				CLANG_WARN__DUPLICATE_METHOD_MATCH = YES;
				COPY_PHASE_STRIP = NO;
				DEBUG_INFORMATION_FORMAT = "dwarf-with-dsym";
				ENABLE_NS_ASSERTIONS = NO;
				ENABLE_STRICT_OBJC_MSGSEND = YES;
				GCC_C_LANGUAGE_STANDARD = gnu11;
				GCC_NO_COMMON_BLOCKS = YES;
				GCC_WARN_64_TO_32_BIT_CONVERSION = YES;
				GCC_WARN_ABOUT_RETURN_TYPE = YES_ERROR;
				GCC_WARN_UNDECLARED_SELECTOR = YES;
				GCC_WARN_UNINITIALIZED_AUTOS = YES_AGGRESSIVE;
				GCC_WARN_UNUSED_FUNCTION = YES;
				GCC_WARN_UNUSED_VARIABLE = YES;
				IPHONEOS_DEPLOYMENT_TARGET = 14.5;
				MTL_ENABLE_DEBUG_INFO = NO;
				MTL_FAST_MATH = YES;
				SDKROOT = iphoneos;
				SWIFT_COMPILATION_MODE = wholemodule;
				SWIFT_OPTIMIZATION_LEVEL = "-O";
				VALIDATE_PRODUCT = YES;
			};
			name = Release;
		};
		53A46B512668046F00B71CA9 /* Debug */ = {
			isa = XCBuildConfiguration;
			buildSettings = {
				ASSETCATALOG_COMPILER_APPICON_NAME = AppIcon;
				ASSETCATALOG_COMPILER_GLOBAL_ACCENT_COLOR_NAME = AccentColor;
				CODE_SIGN_STYLE = Automatic;
				DEVELOPMENT_TEAM = V486462L2J;
				INFOPLIST_FILE = Flock/Info.plist;
				LD_RUNPATH_SEARCH_PATHS = (
					"$(inherited)",
					"@executable_path/Frameworks",
				);
				PRODUCT_BUNDLE_IDENTIFIER = com.wookrhyu.Flock;
				PRODUCT_NAME = "$(TARGET_NAME)";
				SWIFT_VERSION = 5.0;
				TARGETED_DEVICE_FAMILY = 1;
			};
			name = Debug;
		};
		53A46B522668046F00B71CA9 /* Release */ = {
			isa = XCBuildConfiguration;
			buildSettings = {
				ASSETCATALOG_COMPILER_APPICON_NAME = AppIcon;
				ASSETCATALOG_COMPILER_GLOBAL_ACCENT_COLOR_NAME = AccentColor;
				CODE_SIGN_STYLE = Automatic;
				DEVELOPMENT_TEAM = V486462L2J;
				INFOPLIST_FILE = Flock/Info.plist;
				LD_RUNPATH_SEARCH_PATHS = (
					"$(inherited)",
					"@executable_path/Frameworks",
				);
				PRODUCT_BUNDLE_IDENTIFIER = com.wookrhyu.Flock;
				PRODUCT_NAME = "$(TARGET_NAME)";
				SWIFT_VERSION = 5.0;
				TARGETED_DEVICE_FAMILY = 1;
			};
			name = Release;
		};
/* End XCBuildConfiguration section */

/* Begin XCConfigurationList section */
		5394E42526C197AD00A88B17 /* Build configuration list for PBXNativeTarget "FlockTests" */ = {
			isa = XCConfigurationList;
			buildConfigurations = (
				5394E42326C197AD00A88B17 /* Debug */,
				5394E42426C197AD00A88B17 /* Release */,
			);
			defaultConfigurationIsVisible = 0;
			defaultConfigurationName = Release;
		};
		53A46B372668046700B71CA9 /* Build configuration list for PBXProject "Flock" */ = {
			isa = XCConfigurationList;
			buildConfigurations = (
				53A46B4E2668046F00B71CA9 /* Debug */,
				53A46B4F2668046F00B71CA9 /* Release */,
			);
			defaultConfigurationIsVisible = 0;
			defaultConfigurationName = Release;
		};
		53A46B502668046F00B71CA9 /* Build configuration list for PBXNativeTarget "Flock" */ = {
			isa = XCConfigurationList;
			buildConfigurations = (
				53A46B512668046F00B71CA9 /* Debug */,
				53A46B522668046F00B71CA9 /* Release */,
			);
			defaultConfigurationIsVisible = 0;
			defaultConfigurationName = Release;
		};
/* End XCConfigurationList section */

/* Begin XCRemoteSwiftPackageReference section */
		53E5296F26C5D4D100B3B103 /* XCRemoteSwiftPackageReference "swift-snapshot-testing" */ = {
			isa = XCRemoteSwiftPackageReference;
			repositoryURL = "https://github.com/pointfreeco/swift-snapshot-testing.git";
			requirement = {
				kind = upToNextMajorVersion;
				minimumVersion = 1.9.0;
			};
		};
/* End XCRemoteSwiftPackageReference section */

/* Begin XCSwiftPackageProductDependency section */
		53E5297026C5D4D100B3B103 /* SnapshotTesting */ = {
			isa = XCSwiftPackageProductDependency;
			package = 53E5296F26C5D4D100B3B103 /* XCRemoteSwiftPackageReference "swift-snapshot-testing" */;
			productName = SnapshotTesting;
		};
/* End XCSwiftPackageProductDependency section */
	};
	rootObject = 53A46B342668046700B71CA9 /* Project object */;
}
