// !$*UTF8*$!
{
	archiveVersion = 1;
	classes = {
	};
	objectVersion = 50;
	objects = {

/* Begin PBXBuildFile section */
		536C2272268D2EA700A66D3D /* FDataLoadingVC.swift in Sources */ = {isa = PBXBuildFile; fileRef = 536C2271268D2EA700A66D3D /* FDataLoadingVC.swift */; };
		536C227B2693C7B500A66D3D /* UserInfoVCFollowing.swift in Sources */ = {isa = PBXBuildFile; fileRef = 536C227A2693C7B500A66D3D /* UserInfoVCFollowing.swift */; };
		536C227D2693C88300A66D3D /* UserHeaderViewContollerFollowing.swift in Sources */ = {isa = PBXBuildFile; fileRef = 536C227C2693C88300A66D3D /* UserHeaderViewContollerFollowing.swift */; };
		5393D5872669921100EBB543 /* FollowerVC.swift in Sources */ = {isa = PBXBuildFile; fileRef = 5393D5862669921100EBB543 /* FollowerVC.swift */; };
		5393D5892669921C00EBB543 /* FollowingVC.swift in Sources */ = {isa = PBXBuildFile; fileRef = 5393D5882669921C00EBB543 /* FollowingVC.swift */; };
		5393D58B2669931200EBB543 /* FollowingAndFollowerTabBarController.swift in Sources */ = {isa = PBXBuildFile; fileRef = 5393D58A2669931200EBB543 /* FollowingAndFollowerTabBarController.swift */; };
		5393D58E266FF0D500EBB543 /* FTitleLabel.swift in Sources */ = {isa = PBXBuildFile; fileRef = 5393D58D266FF0D500EBB543 /* FTitleLabel.swift */; };
		5393D590266FF0F700EBB543 /* FBodyLabel.swift in Sources */ = {isa = PBXBuildFile; fileRef = 5393D58F266FF0F700EBB543 /* FBodyLabel.swift */; };
		5393D592266FF61B00EBB543 /* FAlertContainerView.swift in Sources */ = {isa = PBXBuildFile; fileRef = 5393D591266FF61B00EBB543 /* FAlertContainerView.swift */; };
		5393D594266FF65400EBB543 /* FAlertVC.swift in Sources */ = {isa = PBXBuildFile; fileRef = 5393D593266FF65400EBB543 /* FAlertVC.swift */; };
		5393D5962670119800EBB543 /* UIViewContoler+EXT.swift in Sources */ = {isa = PBXBuildFile; fileRef = 5393D5952670119800EBB543 /* UIViewContoler+EXT.swift */; };
		5393D598267147E700EBB543 /* NetworkManager.swift in Sources */ = {isa = PBXBuildFile; fileRef = 5393D597267147E600EBB543 /* NetworkManager.swift */; };
		5393D59A2672733400EBB543 /* IDModel.swift in Sources */ = {isa = PBXBuildFile; fileRef = 5393D5992672733400EBB543 /* IDModel.swift */; };
		5393D59F2672AAD400EBB543 /* FollowerAndFollowingCell.swift in Sources */ = {isa = PBXBuildFile; fileRef = 5393D59E2672AAD300EBB543 /* FollowerAndFollowingCell.swift */; };
		5393D5A12672AD1B00EBB543 /* FAvatarImageView.swift in Sources */ = {isa = PBXBuildFile; fileRef = 5393D5A02672AD1B00EBB543 /* FAvatarImageView.swift */; };
		539C029526792C020028A381 /* FError.swift in Sources */ = {isa = PBXBuildFile; fileRef = 539C029426792C020028A381 /* FError.swift */; };
		539C0297267A69040028A381 /* FSecondaryTitleLabel.swift in Sources */ = {isa = PBXBuildFile; fileRef = 539C0296267A69040028A381 /* FSecondaryTitleLabel.swift */; };
		539C0299267A6AF70028A381 /* FollowerFollowingLabel.swift in Sources */ = {isa = PBXBuildFile; fileRef = 539C0298267A6AF70028A381 /* FollowerFollowingLabel.swift */; };
		539C029D267A974B0028A381 /* FollowerAndFollowingMetricsVC.swift in Sources */ = {isa = PBXBuildFile; fileRef = 539C029C267A974B0028A381 /* FollowerAndFollowingMetricsVC.swift */; };
		539C029F26826BB30028A381 /* FollowersAndFollowingView.swift in Sources */ = {isa = PBXBuildFile; fileRef = 539C029E26826BB30028A381 /* FollowersAndFollowingView.swift */; };
		539C02A62683B52B0028A381 /* UserInfoVCFollowers.swift in Sources */ = {isa = PBXBuildFile; fileRef = 539C02A52683B52B0028A381 /* UserInfoVCFollowers.swift */; };
		539C02A926852B1E0028A381 /* UserHeaderViewController.swift in Sources */ = {isa = PBXBuildFile; fileRef = 539C02A826852B1E0028A381 /* UserHeaderViewController.swift */; };
		539C02AD268A59590028A381 /* TweetCell.swift in Sources */ = {isa = PBXBuildFile; fileRef = 539C02AC268A59590028A381 /* TweetCell.swift */; };
		53A46B402668046700B71CA9 /* AppDelegate.swift in Sources */ = {isa = PBXBuildFile; fileRef = 53A46B3F2668046700B71CA9 /* AppDelegate.swift */; };
		53A46B422668046700B71CA9 /* SceneDelegate.swift in Sources */ = {isa = PBXBuildFile; fileRef = 53A46B412668046700B71CA9 /* SceneDelegate.swift */; };
		53A46B492668046F00B71CA9 /* Assets.xcassets in Resources */ = {isa = PBXBuildFile; fileRef = 53A46B482668046F00B71CA9 /* Assets.xcassets */; };
		53A46B4C2668046F00B71CA9 /* LaunchScreen.storyboard in Resources */ = {isa = PBXBuildFile; fileRef = 53A46B4A2668046F00B71CA9 /* LaunchScreen.storyboard */; };
		53A46B5626682E1700B71CA9 /* FTextField.swift in Sources */ = {isa = PBXBuildFile; fileRef = 53A46B5526682E1700B71CA9 /* FTextField.swift */; };
		53A46B5826682FD000B71CA9 /* MainSearchScreenVC.swift in Sources */ = {isa = PBXBuildFile; fileRef = 53A46B5726682FD000B71CA9 /* MainSearchScreenVC.swift */; };
		53A46B5B2668316600B71CA9 /* FButton.swift in Sources */ = {isa = PBXBuildFile; fileRef = 53A46B5A2668316600B71CA9 /* FButton.swift */; };
		53A46B6126683B7200B71CA9 /* Constants.swift in Sources */ = {isa = PBXBuildFile; fileRef = 53A46B6026683B7200B71CA9 /* Constants.swift */; };
/* End PBXBuildFile section */

/* Begin PBXFileReference section */
		536C2271268D2EA700A66D3D /* FDataLoadingVC.swift */ = {isa = PBXFileReference; lastKnownFileType = sourcecode.swift; path = FDataLoadingVC.swift; sourceTree = "<group>"; };
		536C227A2693C7B500A66D3D /* UserInfoVCFollowing.swift */ = {isa = PBXFileReference; lastKnownFileType = sourcecode.swift; path = UserInfoVCFollowing.swift; sourceTree = "<group>"; };
		536C227C2693C88300A66D3D /* UserHeaderViewContollerFollowing.swift */ = {isa = PBXFileReference; lastKnownFileType = sourcecode.swift; path = UserHeaderViewContollerFollowing.swift; sourceTree = "<group>"; };
		5393D5862669921100EBB543 /* FollowerVC.swift */ = {isa = PBXFileReference; lastKnownFileType = sourcecode.swift; path = FollowerVC.swift; sourceTree = "<group>"; };
		5393D5882669921C00EBB543 /* FollowingVC.swift */ = {isa = PBXFileReference; lastKnownFileType = sourcecode.swift; path = FollowingVC.swift; sourceTree = "<group>"; };
		5393D58A2669931200EBB543 /* FollowingAndFollowerTabBarController.swift */ = {isa = PBXFileReference; lastKnownFileType = sourcecode.swift; path = FollowingAndFollowerTabBarController.swift; sourceTree = "<group>"; };
		5393D58D266FF0D500EBB543 /* FTitleLabel.swift */ = {isa = PBXFileReference; lastKnownFileType = sourcecode.swift; path = FTitleLabel.swift; sourceTree = "<group>"; };
		5393D58F266FF0F700EBB543 /* FBodyLabel.swift */ = {isa = PBXFileReference; lastKnownFileType = sourcecode.swift; path = FBodyLabel.swift; sourceTree = "<group>"; };
		5393D591266FF61B00EBB543 /* FAlertContainerView.swift */ = {isa = PBXFileReference; lastKnownFileType = sourcecode.swift; path = FAlertContainerView.swift; sourceTree = "<group>"; };
		5393D593266FF65400EBB543 /* FAlertVC.swift */ = {isa = PBXFileReference; lastKnownFileType = sourcecode.swift; path = FAlertVC.swift; sourceTree = "<group>"; };
		5393D5952670119800EBB543 /* UIViewContoler+EXT.swift */ = {isa = PBXFileReference; lastKnownFileType = sourcecode.swift; path = "UIViewContoler+EXT.swift"; sourceTree = "<group>"; };
		5393D597267147E600EBB543 /* NetworkManager.swift */ = {isa = PBXFileReference; lastKnownFileType = sourcecode.swift; path = NetworkManager.swift; sourceTree = "<group>"; };
		5393D5992672733400EBB543 /* IDModel.swift */ = {isa = PBXFileReference; lastKnownFileType = sourcecode.swift; path = IDModel.swift; sourceTree = "<group>"; };
		5393D59E2672AAD300EBB543 /* FollowerAndFollowingCell.swift */ = {isa = PBXFileReference; lastKnownFileType = sourcecode.swift; path = FollowerAndFollowingCell.swift; sourceTree = "<group>"; };
		5393D5A02672AD1B00EBB543 /* FAvatarImageView.swift */ = {isa = PBXFileReference; lastKnownFileType = sourcecode.swift; path = FAvatarImageView.swift; sourceTree = "<group>"; };
		539C029426792C020028A381 /* FError.swift */ = {isa = PBXFileReference; lastKnownFileType = sourcecode.swift; path = FError.swift; sourceTree = "<group>"; };
		539C0296267A69040028A381 /* FSecondaryTitleLabel.swift */ = {isa = PBXFileReference; lastKnownFileType = sourcecode.swift; path = FSecondaryTitleLabel.swift; sourceTree = "<group>"; };
		539C0298267A6AF70028A381 /* FollowerFollowingLabel.swift */ = {isa = PBXFileReference; lastKnownFileType = sourcecode.swift; path = FollowerFollowingLabel.swift; sourceTree = "<group>"; };
		539C029C267A974B0028A381 /* FollowerAndFollowingMetricsVC.swift */ = {isa = PBXFileReference; lastKnownFileType = sourcecode.swift; path = FollowerAndFollowingMetricsVC.swift; sourceTree = "<group>"; };
		539C029E26826BB30028A381 /* FollowersAndFollowingView.swift */ = {isa = PBXFileReference; lastKnownFileType = sourcecode.swift; path = FollowersAndFollowingView.swift; sourceTree = "<group>"; };
		539C02A52683B52B0028A381 /* UserInfoVCFollowers.swift */ = {isa = PBXFileReference; lastKnownFileType = sourcecode.swift; path = UserInfoVCFollowers.swift; sourceTree = "<group>"; };
		539C02A826852B1E0028A381 /* UserHeaderViewController.swift */ = {isa = PBXFileReference; lastKnownFileType = sourcecode.swift; path = UserHeaderViewController.swift; sourceTree = "<group>"; };
		539C02AC268A59590028A381 /* TweetCell.swift */ = {isa = PBXFileReference; lastKnownFileType = sourcecode.swift; path = TweetCell.swift; sourceTree = "<group>"; };
		53A46B3C2668046700B71CA9 /* Flock.app */ = {isa = PBXFileReference; explicitFileType = wrapper.application; includeInIndex = 0; path = Flock.app; sourceTree = BUILT_PRODUCTS_DIR; };
		53A46B3F2668046700B71CA9 /* AppDelegate.swift */ = {isa = PBXFileReference; lastKnownFileType = sourcecode.swift; path = AppDelegate.swift; sourceTree = "<group>"; };
		53A46B412668046700B71CA9 /* SceneDelegate.swift */ = {isa = PBXFileReference; lastKnownFileType = sourcecode.swift; path = SceneDelegate.swift; sourceTree = "<group>"; };
		53A46B482668046F00B71CA9 /* Assets.xcassets */ = {isa = PBXFileReference; lastKnownFileType = folder.assetcatalog; path = Assets.xcassets; sourceTree = "<group>"; };
		53A46B4B2668046F00B71CA9 /* Base */ = {isa = PBXFileReference; lastKnownFileType = file.storyboard; name = Base; path = Base.lproj/LaunchScreen.storyboard; sourceTree = "<group>"; };
		53A46B4D2668046F00B71CA9 /* Info.plist */ = {isa = PBXFileReference; lastKnownFileType = text.plist.xml; path = Info.plist; sourceTree = "<group>"; };
		53A46B5526682E1700B71CA9 /* FTextField.swift */ = {isa = PBXFileReference; lastKnownFileType = sourcecode.swift; path = FTextField.swift; sourceTree = "<group>"; };
		53A46B5726682FD000B71CA9 /* MainSearchScreenVC.swift */ = {isa = PBXFileReference; lastKnownFileType = sourcecode.swift; path = MainSearchScreenVC.swift; sourceTree = "<group>"; };
		53A46B5A2668316600B71CA9 /* FButton.swift */ = {isa = PBXFileReference; lastKnownFileType = sourcecode.swift; path = FButton.swift; sourceTree = "<group>"; };
		53A46B6026683B7200B71CA9 /* Constants.swift */ = {isa = PBXFileReference; lastKnownFileType = sourcecode.swift; path = Constants.swift; sourceTree = "<group>"; };
/* End PBXFileReference section */

/* Begin PBXFrameworksBuildPhase section */
		53A46B392668046700B71CA9 /* Frameworks */ = {
			isa = PBXFrameworksBuildPhase;
			buildActionMask = 2147483647;
			files = (
			);
			runOnlyForDeploymentPostprocessing = 0;
		};
/* End PBXFrameworksBuildPhase section */

/* Begin PBXGroup section */
		536C22792693C4E400A66D3D /* Extenstions */ = {
			isa = PBXGroup;
			children = (
				5393D5952670119800EBB543 /* UIViewContoler+EXT.swift */,
			);
			path = Extenstions;
			sourceTree = "<group>";
		};
		5393D59B2672738600EBB543 /* Managers */ = {
			isa = PBXGroup;
			children = (
				5393D597267147E600EBB543 /* NetworkManager.swift */,
			);
			path = Managers;
			sourceTree = "<group>";
		};
		539C029A267A6AFB0028A381 /* Labels */ = {
			isa = PBXGroup;
			children = (
				5393D58D266FF0D500EBB543 /* FTitleLabel.swift */,
				5393D58F266FF0F700EBB543 /* FBodyLabel.swift */,
				539C0296267A69040028A381 /* FSecondaryTitleLabel.swift */,
				53A46B5526682E1700B71CA9 /* FTextField.swift */,
			);
			path = Labels;
			sourceTree = "<group>";
		};
		539C02A026829E070028A381 /* not using */ = {
			isa = PBXGroup;
			children = (
				539C029C267A974B0028A381 /* FollowerAndFollowingMetricsVC.swift */,
				539C029E26826BB30028A381 /* FollowersAndFollowingView.swift */,
				539C0298267A6AF70028A381 /* FollowerFollowingLabel.swift */,
			);
			path = "not using";
			sourceTree = "<group>";
		};
		539C02A12682A7830028A381 /* Cells */ = {
			isa = PBXGroup;
			children = (
				5393D59E2672AAD300EBB543 /* FollowerAndFollowingCell.swift */,
				539C02AC268A59590028A381 /* TweetCell.swift */,
			);
			path = Cells;
			sourceTree = "<group>";
		};
		539C02A22682A7950028A381 /* Image Views */ = {
			isa = PBXGroup;
			children = (
				5393D5A02672AD1B00EBB543 /* FAvatarImageView.swift */,
			);
			path = "Image Views";
			sourceTree = "<group>";
		};
		539C02A32682A7AD0028A381 /* Buttons */ = {
			isa = PBXGroup;
			children = (
				53A46B5A2668316600B71CA9 /* FButton.swift */,
			);
			path = Buttons;
			sourceTree = "<group>";
		};
		539C02AE268CDAEB0028A381 /* Views */ = {
			isa = PBXGroup;
			children = (
				5393D591266FF61B00EBB543 /* FAlertContainerView.swift */,
			);
			path = Views;
			sourceTree = "<group>";
		};
		539C02AF268CDB250028A381 /* ViewContollers */ = {
			isa = PBXGroup;
			children = (
				539C02A826852B1E0028A381 /* UserHeaderViewController.swift */,
				536C227C2693C88300A66D3D /* UserHeaderViewContollerFollowing.swift */,
				5393D593266FF65400EBB543 /* FAlertVC.swift */,
				536C2271268D2EA700A66D3D /* FDataLoadingVC.swift */,
			);
			path = ViewContollers;
			sourceTree = "<group>";
		};
		53A46B332668046700B71CA9 = {
			isa = PBXGroup;
			children = (
				53A46B3E2668046700B71CA9 /* Flock */,
				539C02A026829E070028A381 /* not using */,
				53A46B3D2668046700B71CA9 /* Products */,
			);
			sourceTree = "<group>";
		};
		53A46B3D2668046700B71CA9 /* Products */ = {
			isa = PBXGroup;
			children = (
				53A46B3C2668046700B71CA9 /* Flock.app */,
			);
			name = Products;
			sourceTree = "<group>";
		};
		53A46B3E2668046700B71CA9 /* Flock */ = {
			isa = PBXGroup;
			children = (
				53A46B4D2668046F00B71CA9 /* Info.plist */,
				53A46B5C266838E600B71CA9 /* Screens */,
				53A46B5D266838F800B71CA9 /* Custom Views */,
				5393D59B2672738600EBB543 /* Managers */,
				53A46B5F26683B6200B71CA9 /* Utility */,
				53A46B5E2668391A00B71CA9 /* Support */,
				536C22792693C4E400A66D3D /* Extenstions */,
			);
			path = Flock;
			sourceTree = "<group>";
		};
		53A46B5C266838E600B71CA9 /* Screens */ = {
			isa = PBXGroup;
			children = (
				53A46B5726682FD000B71CA9 /* MainSearchScreenVC.swift */,
				5393D58A2669931200EBB543 /* FollowingAndFollowerTabBarController.swift */,
				5393D5862669921100EBB543 /* FollowerVC.swift */,
				5393D5882669921C00EBB543 /* FollowingVC.swift */,
				539C02A52683B52B0028A381 /* UserInfoVCFollowers.swift */,
				536C227A2693C7B500A66D3D /* UserInfoVCFollowing.swift */,
			);
			path = Screens;
			sourceTree = "<group>";
		};
		53A46B5D266838F800B71CA9 /* Custom Views */ = {
			isa = PBXGroup;
			children = (
				539C02AF268CDB250028A381 /* ViewContollers */,
				539C02AE268CDAEB0028A381 /* Views */,
				539C02A32682A7AD0028A381 /* Buttons */,
				539C02A22682A7950028A381 /* Image Views */,
				539C02A12682A7830028A381 /* Cells */,
				539C029A267A6AFB0028A381 /* Labels */,
			);
			path = "Custom Views";
			sourceTree = "<group>";
		};
		53A46B5E2668391A00B71CA9 /* Support */ = {
			isa = PBXGroup;
			children = (
				53A46B3F2668046700B71CA9 /* AppDelegate.swift */,
				53A46B412668046700B71CA9 /* SceneDelegate.swift */,
				53A46B4A2668046F00B71CA9 /* LaunchScreen.storyboard */,
				53A46B482668046F00B71CA9 /* Assets.xcassets */,
			);
			path = Support;
			sourceTree = "<group>";
		};
		53A46B5F26683B6200B71CA9 /* Utility */ = {
			isa = PBXGroup;
			children = (
				53A46B6026683B7200B71CA9 /* Constants.swift */,
				539C029426792C020028A381 /* FError.swift */,
				5393D5992672733400EBB543 /* IDModel.swift */,
			);
			path = Utility;
			sourceTree = "<group>";
		};
/* End PBXGroup section */

/* Begin PBXNativeTarget section */
		53A46B3B2668046700B71CA9 /* Flock */ = {
			isa = PBXNativeTarget;
			buildConfigurationList = 53A46B502668046F00B71CA9 /* Build configuration list for PBXNativeTarget "Flock" */;
			buildPhases = (
				53A46B382668046700B71CA9 /* Sources */,
				53A46B392668046700B71CA9 /* Frameworks */,
				53A46B3A2668046700B71CA9 /* Resources */,
			);
			buildRules = (
			);
			dependencies = (
			);
			name = Flock;
			productName = Flock;
			productReference = 53A46B3C2668046700B71CA9 /* Flock.app */;
			productType = "com.apple.product-type.application";
		};
/* End PBXNativeTarget section */

/* Begin PBXProject section */
		53A46B342668046700B71CA9 /* Project object */ = {
			isa = PBXProject;
			attributes = {
				LastSwiftUpdateCheck = 1250;
				LastUpgradeCheck = 1250;
				TargetAttributes = {
					53A46B3B2668046700B71CA9 = {
						CreatedOnToolsVersion = 12.5;
					};
				};
			};
			buildConfigurationList = 53A46B372668046700B71CA9 /* Build configuration list for PBXProject "Flock" */;
			compatibilityVersion = "Xcode 9.3";
			developmentRegion = en;
			hasScannedForEncodings = 0;
			knownRegions = (
				en,
				Base,
			);
			mainGroup = 53A46B332668046700B71CA9;
			productRefGroup = 53A46B3D2668046700B71CA9 /* Products */;
			projectDirPath = "";
			projectRoot = "";
			targets = (
				53A46B3B2668046700B71CA9 /* Flock */,
			);
		};
/* End PBXProject section */

/* Begin PBXResourcesBuildPhase section */
		53A46B3A2668046700B71CA9 /* Resources */ = {
			isa = PBXResourcesBuildPhase;
			buildActionMask = 2147483647;
			files = (
				53A46B4C2668046F00B71CA9 /* LaunchScreen.storyboard in Resources */,
				53A46B492668046F00B71CA9 /* Assets.xcassets in Resources */,
			);
			runOnlyForDeploymentPostprocessing = 0;
		};
/* End PBXResourcesBuildPhase section */

/* Begin PBXSourcesBuildPhase section */
		53A46B382668046700B71CA9 /* Sources */ = {
			isa = PBXSourcesBuildPhase;
			buildActionMask = 2147483647;
			files = (
				5393D5892669921C00EBB543 /* FollowingVC.swift in Sources */,
				53A46B5826682FD000B71CA9 /* MainSearchScreenVC.swift in Sources */,
				53A46B402668046700B71CA9 /* AppDelegate.swift in Sources */,
				53A46B5626682E1700B71CA9 /* FTextField.swift in Sources */,
				5393D592266FF61B00EBB543 /* FAlertContainerView.swift in Sources */,
				5393D58E266FF0D500EBB543 /* FTitleLabel.swift in Sources */,
				539C029F26826BB30028A381 /* FollowersAndFollowingView.swift in Sources */,
				5393D590266FF0F700EBB543 /* FBodyLabel.swift in Sources */,
				53A46B5B2668316600B71CA9 /* FButton.swift in Sources */,
				536C227B2693C7B500A66D3D /* UserInfoVCFollowing.swift in Sources */,
				5393D59A2672733400EBB543 /* IDModel.swift in Sources */,
				53A46B422668046700B71CA9 /* SceneDelegate.swift in Sources */,
				539C029D267A974B0028A381 /* FollowerAndFollowingMetricsVC.swift in Sources */,
				5393D5962670119800EBB543 /* UIViewContoler+EXT.swift in Sources */,
				536C227D2693C88300A66D3D /* UserHeaderViewContollerFollowing.swift in Sources */,
				539C02A926852B1E0028A381 /* UserHeaderViewController.swift in Sources */,
				5393D594266FF65400EBB543 /* FAlertVC.swift in Sources */,
				5393D5872669921100EBB543 /* FollowerVC.swift in Sources */,
				5393D598267147E700EBB543 /* NetworkManager.swift in Sources */,
				5393D59F2672AAD400EBB543 /* FollowerAndFollowingCell.swift in Sources */,
				539C029526792C020028A381 /* FError.swift in Sources */,
				5393D5A12672AD1B00EBB543 /* FAvatarImageView.swift in Sources */,
				539C0297267A69040028A381 /* FSecondaryTitleLabel.swift in Sources */,
				539C0299267A6AF70028A381 /* FollowerFollowingLabel.swift in Sources */,
				536C2272268D2EA700A66D3D /* FDataLoadingVC.swift in Sources */,
				5393D58B2669931200EBB543 /* FollowingAndFollowerTabBarController.swift in Sources */,
				539C02AD268A59590028A381 /* TweetCell.swift in Sources */,
				53A46B6126683B7200B71CA9 /* Constants.swift in Sources */,
				539C02A62683B52B0028A381 /* UserInfoVCFollowers.swift in Sources */,
			);
			runOnlyForDeploymentPostprocessing = 0;
		};
/* End PBXSourcesBuildPhase section */

/* Begin PBXVariantGroup section */
		53A46B4A2668046F00B71CA9 /* LaunchScreen.storyboard */ = {
			isa = PBXVariantGroup;
			children = (
				53A46B4B2668046F00B71CA9 /* Base */,
			);
			name = LaunchScreen.storyboard;
			sourceTree = "<group>";
		};
/* End PBXVariantGroup section */

/* Begin XCBuildConfiguration section */
		53A46B4E2668046F00B71CA9 /* Debug */ = {
			isa = XCBuildConfiguration;
			buildSettings = {
				ALWAYS_SEARCH_USER_PATHS = NO;
				CLANG_ANALYZER_NONNULL = YES;
				CLANG_ANALYZER_NUMBER_OBJECT_CONVERSION = YES_AGGRESSIVE;
				CLANG_CXX_LANGUAGE_STANDARD = "gnu++14";
				CLANG_CXX_LIBRARY = "libc++";
				CLANG_ENABLE_MODULES = YES;
				CLANG_ENABLE_OBJC_ARC = YES;
				CLANG_ENABLE_OBJC_WEAK = YES;
				CLANG_WARN_BLOCK_CAPTURE_AUTORELEASING = YES;
				CLANG_WARN_BOOL_CONVERSION = YES;
				CLANG_WARN_COMMA = YES;
				CLANG_WARN_CONSTANT_CONVERSION = YES;
				CLANG_WARN_DEPRECATED_OBJC_IMPLEMENTATIONS = YES;
				CLANG_WARN_DIRECT_OBJC_ISA_USAGE = YES_ERROR;
				CLANG_WARN_DOCUMENTATION_COMMENTS = YES;
				CLANG_WARN_EMPTY_BODY = YES;
				CLANG_WARN_ENUM_CONVERSION = YES;
				CLANG_WARN_INFINITE_RECURSION = YES;
				CLANG_WARN_INT_CONVERSION = YES;
				CLANG_WARN_NON_LITERAL_NULL_CONVERSION = YES;
				CLANG_WARN_OBJC_IMPLICIT_RETAIN_SELF = YES;
				CLANG_WARN_OBJC_LITERAL_CONVERSION = YES;
				CLANG_WARN_OBJC_ROOT_CLASS = YES_ERROR;
				CLANG_WARN_QUOTED_INCLUDE_IN_FRAMEWORK_HEADER = YES;
				CLANG_WARN_RANGE_LOOP_ANALYSIS = YES;
				CLANG_WARN_STRICT_PROTOTYPES = YES;
				CLANG_WARN_SUSPICIOUS_MOVE = YES;
				CLANG_WARN_UNGUARDED_AVAILABILITY = YES_AGGRESSIVE;
				CLANG_WARN_UNREACHABLE_CODE = YES;
				CLANG_WARN__DUPLICATE_METHOD_MATCH = YES;
				COPY_PHASE_STRIP = NO;
				DEBUG_INFORMATION_FORMAT = dwarf;
				ENABLE_STRICT_OBJC_MSGSEND = YES;
				ENABLE_TESTABILITY = YES;
				GCC_C_LANGUAGE_STANDARD = gnu11;
				GCC_DYNAMIC_NO_PIC = NO;
				GCC_NO_COMMON_BLOCKS = YES;
				GCC_OPTIMIZATION_LEVEL = 0;
				GCC_PREPROCESSOR_DEFINITIONS = (
					"DEBUG=1",
					"$(inherited)",
				);
				GCC_WARN_64_TO_32_BIT_CONVERSION = YES;
				GCC_WARN_ABOUT_RETURN_TYPE = YES_ERROR;
				GCC_WARN_UNDECLARED_SELECTOR = YES;
				GCC_WARN_UNINITIALIZED_AUTOS = YES_AGGRESSIVE;
				GCC_WARN_UNUSED_FUNCTION = YES;
				GCC_WARN_UNUSED_VARIABLE = YES;
				IPHONEOS_DEPLOYMENT_TARGET = 14.5;
				MTL_ENABLE_DEBUG_INFO = INCLUDE_SOURCE;
				MTL_FAST_MATH = YES;
				ONLY_ACTIVE_ARCH = YES;
				SDKROOT = iphoneos;
				SWIFT_ACTIVE_COMPILATION_CONDITIONS = DEBUG;
				SWIFT_OPTIMIZATION_LEVEL = "-Onone";
			};
			name = Debug;
		};
		53A46B4F2668046F00B71CA9 /* Release */ = {
			isa = XCBuildConfiguration;
			buildSettings = {
				ALWAYS_SEARCH_USER_PATHS = NO;
				CLANG_ANALYZER_NONNULL = YES;
				CLANG_ANALYZER_NUMBER_OBJECT_CONVERSION = YES_AGGRESSIVE;
				CLANG_CXX_LANGUAGE_STANDARD = "gnu++14";
				CLANG_CXX_LIBRARY = "libc++";
				CLANG_ENABLE_MODULES = YES;
				CLANG_ENABLE_OBJC_ARC = YES;
				CLANG_ENABLE_OBJC_WEAK = YES;
				CLANG_WARN_BLOCK_CAPTURE_AUTORELEASING = YES;
				CLANG_WARN_BOOL_CONVERSION = YES;
				CLANG_WARN_COMMA = YES;
				CLANG_WARN_CONSTANT_CONVERSION = YES;
				CLANG_WARN_DEPRECATED_OBJC_IMPLEMENTATIONS = YES;
				CLANG_WARN_DIRECT_OBJC_ISA_USAGE = YES_ERROR;
				CLANG_WARN_DOCUMENTATION_COMMENTS = YES;
				CLANG_WARN_EMPTY_BODY = YES;
				CLANG_WARN_ENUM_CONVERSION = YES;
				CLANG_WARN_INFINITE_RECURSION = YES;
				CLANG_WARN_INT_CONVERSION = YES;
				CLANG_WARN_NON_LITERAL_NULL_CONVERSION = YES;
				CLANG_WARN_OBJC_IMPLICIT_RETAIN_SELF = YES;
				CLANG_WARN_OBJC_LITERAL_CONVERSION = YES;
				CLANG_WARN_OBJC_ROOT_CLASS = YES_ERROR;
				CLANG_WARN_QUOTED_INCLUDE_IN_FRAMEWORK_HEADER = YES;
				CLANG_WARN_RANGE_LOOP_ANALYSIS = YES;
				CLANG_WARN_STRICT_PROTOTYPES = YES;
				CLANG_WARN_SUSPICIOUS_MOVE = YES;
				CLANG_WARN_UNGUARDED_AVAILABILITY = YES_AGGRESSIVE;
				CLANG_WARN_UNREACHABLE_CODE = YES;
				CLANG_WARN__DUPLICATE_METHOD_MATCH = YES;
				COPY_PHASE_STRIP = NO;
				DEBUG_INFORMATION_FORMAT = "dwarf-with-dsym";
				ENABLE_NS_ASSERTIONS = NO;
				ENABLE_STRICT_OBJC_MSGSEND = YES;
				GCC_C_LANGUAGE_STANDARD = gnu11;
				GCC_NO_COMMON_BLOCKS = YES;
				GCC_WARN_64_TO_32_BIT_CONVERSION = YES;
				GCC_WARN_ABOUT_RETURN_TYPE = YES_ERROR;
				GCC_WARN_UNDECLARED_SELECTOR = YES;
				GCC_WARN_UNINITIALIZED_AUTOS = YES_AGGRESSIVE;
				GCC_WARN_UNUSED_FUNCTION = YES;
				GCC_WARN_UNUSED_VARIABLE = YES;
				IPHONEOS_DEPLOYMENT_TARGET = 14.5;
				MTL_ENABLE_DEBUG_INFO = NO;
				MTL_FAST_MATH = YES;
				SDKROOT = iphoneos;
				SWIFT_COMPILATION_MODE = wholemodule;
				SWIFT_OPTIMIZATION_LEVEL = "-O";
				VALIDATE_PRODUCT = YES;
			};
			name = Release;
		};
		53A46B512668046F00B71CA9 /* Debug */ = {
			isa = XCBuildConfiguration;
			buildSettings = {
				ASSETCATALOG_COMPILER_APPICON_NAME = AppIcon;
				ASSETCATALOG_COMPILER_GLOBAL_ACCENT_COLOR_NAME = AccentColor;
				CODE_SIGN_STYLE = Automatic;
				DEVELOPMENT_TEAM = V486462L2J;
				INFOPLIST_FILE = Flock/Info.plist;
				LD_RUNPATH_SEARCH_PATHS = (
					"$(inherited)",
					"@executable_path/Frameworks",
				);
				PRODUCT_BUNDLE_IDENTIFIER = com.wookrhyu.Flock;
				PRODUCT_NAME = "$(TARGET_NAME)";
				SWIFT_VERSION = 5.0;
				TARGETED_DEVICE_FAMILY = 1;
			};
			name = Debug;
		};
		53A46B522668046F00B71CA9 /* Release */ = {
			isa = XCBuildConfiguration;
			buildSettings = {
				ASSETCATALOG_COMPILER_APPICON_NAME = AppIcon;
				ASSETCATALOG_COMPILER_GLOBAL_ACCENT_COLOR_NAME = AccentColor;
				CODE_SIGN_STYLE = Automatic;
				DEVELOPMENT_TEAM = V486462L2J;
				INFOPLIST_FILE = Flock/Info.plist;
				LD_RUNPATH_SEARCH_PATHS = (
					"$(inherited)",
					"@executable_path/Frameworks",
				);
				PRODUCT_BUNDLE_IDENTIFIER = com.wookrhyu.Flock;
				PRODUCT_NAME = "$(TARGET_NAME)";
				SWIFT_VERSION = 5.0;
				TARGETED_DEVICE_FAMILY = 1;
			};
			name = Release;
		};
/* End XCBuildConfiguration section */

/* Begin XCConfigurationList section */
		53A46B372668046700B71CA9 /* Build configuration list for PBXProject "Flock" */ = {
			isa = XCConfigurationList;
			buildConfigurations = (
				53A46B4E2668046F00B71CA9 /* Debug */,
				53A46B4F2668046F00B71CA9 /* Release */,
			);
			defaultConfigurationIsVisible = 0;
			defaultConfigurationName = Release;
		};
		53A46B502668046F00B71CA9 /* Build configuration list for PBXNativeTarget "Flock" */ = {
			isa = XCConfigurationList;
			buildConfigurations = (
				53A46B512668046F00B71CA9 /* Debug */,
				53A46B522668046F00B71CA9 /* Release */,
			);
			defaultConfigurationIsVisible = 0;
			defaultConfigurationName = Release;
		};
/* End XCConfigurationList section */
	};
	rootObject = 53A46B342668046700B71CA9 /* Project object */;
}
